{
  "name": "examples",
  "version": "1.0.0",
  "lockfileVersion": 1,
  "requires": true,
  "dependencies": {
    "normalize.css": {
      "version": "8.0.1",
      "resolved": "https://registry.npmmirror.com/normalize.css/-/normalize.css-8.0.1.tgz",
      "integrity": "sha512-qizSNPO93t1YUuUhP22btGOo3chcvDFqFaj2TRybP0DMxkHOCTYwp3n34fel4a31ORXy4m1Xq0Gyqpb5m33qIg=="
    },
    "shikiji": {
      "version": "0.10.0-beta.4",
      "resolved": "https://registry.npmmirror.com/shikiji/-/shikiji-0.10.0-beta.4.tgz",
      "integrity": "sha512-Jj0BjAGAv/cZKiAwLJQCX610rtSqptFihGItTQtLTj8FagNcpfl7a6SLKoRZDwRxjg97V0dd7sH5NVs+6ZV4CQ==",
      "requires": {
        "shikiji-core": "0.10.0-beta.4"
      }
    },
    "shikiji-core": {
      "version": "0.10.0-beta.4",
      "resolved": "https://registry.npmmirror.com/shikiji-core/-/shikiji-core-0.10.0-beta.4.tgz",
      "integrity": "sha512-TqLiUIlCHCBGuLwUg+4O74OLZD8ftiAA+SKhD2SwyAj4xnczGAipsIInZLbocjFNeAFUWjYKUKZPQTVCAhD60w=="
    },
    "vue-router": {
      "version": "3.6.5",
      "resolved": "https://registry.npmmirror.com/vue-router/-/vue-router-3.6.5.tgz",
      "integrity": "sha512-VYXZQLtjuvKxxcshuRAwjHnciqZVoXAjTjcqBTz4rKc8qih9g9pI3hbDjmqXaHdgL3v8pV6P8Z335XvHzESxLQ=="
    }
  }
}
